
Microsoft Visual Studio Solution File, Format Version 12.00
# Visual Studio Version 17
VisualStudioVersion = 17.6.33829.357
MinimumVisualStudioVersion = 10.0.40219.1
Project("{FAE04EC0-301F-11D3-BF4B-00C04F79EFBC}") = "Rock Paper Scissors", "Rock Paper Scissors.csproj", "{AA5F8D20-611D-4C43-9CA1-B4BF3AF44D2B}"
EndProject
Global
	GlobalSection(SolutionConfigurationPlatforms) = preSolution
		Debug|Any CPU = Debug|Any CPU
		Release|Any CPU = Release|Any CPU
	EndGlobalSection
	GlobalSection(ProjectConfigurationPlatforms) = postSolution
		{AA5F8D20-611D-4C43-9CA1-B4BF3AF44D2B}.Debug|Any CPU.ActiveCfg = Debug|Any CPU
		{AA5F8D20-611D-4C43-9CA1-B4BF3AF44D2B}.Debug|Any CPU.Build.0 = Debug|Any CPU
		{AA5F8D20-611D-4C43-9CA1-B4BF3AF44D2B}.Release|Any CPU.ActiveCfg = Release|Any CPU
		{AA5F8D20-611D-4C43-9CA1-B4BF3AF44D2B}.Release|Any CPU.Build.0 = Release|Any CPU
	EndGlobalSection
	GlobalSection(SolutionProperties) = preSolution
		HideSolutionNode = FALSE
	EndGlobalSection
	GlobalSection(ExtensibilityGlobals) = postSolution
		SolutionGuid = {DF8F61D0-BE47-4439-A74B-F16AF44A5BD2}
	EndGlobalSection
EndGlobal
